
Microsoft Visual Studio Solution File, Format Version 12.00
# Visual Studio Version 16
VisualStudioVersion = 16.0.31019.35
MinimumVisualStudioVersion = 10.0.40219.1
Project("{9A19103F-16F7-4668-BE54-9A1E7A4F7556}") = "BIP39Splitter", "BIP39Splitter\BIP39Splitter.csproj", "{773451CE-FABC-4D8B-B902-70BB251A8910}"
EndProject
Global
	GlobalSection(SolutionConfigurationPlatforms) = preSolution
		Debug|Any CPU = Debug|Any CPU
		Release|Any CPU = Release|Any CPU
	EndGlobalSection
	GlobalSection(ProjectConfigurationPlatforms) = postSolution
		{773451CE-FABC-4D8B-B902-70BB251A8910}.Debug|Any CPU.ActiveCfg = Debug|Any CPU
		{773451CE-FABC-4D8B-B902-70BB251A8910}.Debug|Any CPU.Build.0 = Debug|Any CPU
		{773451CE-FABC-4D8B-B902-70BB251A8910}.Release|Any CPU.ActiveCfg = Release|Any CPU
		{773451CE-FABC-4D8B-B902-70BB251A8910}.Release|Any CPU.Build.0 = Release|Any CPU
	EndGlobalSection
	GlobalSection(SolutionProperties) = preSolution
		HideSolutionNode = FALSE
	EndGlobalSection
	GlobalSection(ExtensibilityGlobals) = postSolution
		SolutionGuid = {0A97C15B-B00E-4748-B3F2-8DA0C2B181A5}
	EndGlobalSection
EndGlobal
